
Microsoft Visual Studio Solution File, Format Version 12.00
# Visual Studio Version 16
VisualStudioVersion = 16.0.28803.202
MinimumVisualStudioVersion = 10.0.40219.1
Project("{FAE04EC0-301F-11D3-BF4B-00C04F79EFBC}") = "Login", "Login\Login.csproj", "{29290610-E18E-4628-8D02-5F67F0F97FDF}"
EndProject
Global
	GlobalSection(SolutionConfigurationPlatforms) = preSolution
		Debug|Any CPU = Debug|Any CPU
		Release|Any CPU = Release|Any CPU
	EndGlobalSection
	GlobalSection(ProjectConfigurationPlatforms) = postSolution
		{29290610-E18E-4628-8D02-5F67F0F97FDF}.Debug|Any CPU.ActiveCfg = Debug|Any CPU
		{29290610-E18E-4628-8D02-5F67F0F97FDF}.Debug|Any CPU.Build.0 = Debug|Any CPU
		{29290610-E18E-4628-8D02-5F67F0F97FDF}.Release|Any CPU.ActiveCfg = Release|Any CPU
		{29290610-E18E-4628-8D02-5F67F0F97FDF}.Release|Any CPU.Build.0 = Release|Any CPU
	EndGlobalSection
	GlobalSection(SolutionProperties) = preSolution
		HideSolutionNode = FALSE
	EndGlobalSection
	GlobalSection(ExtensibilityGlobals) = postSolution
		SolutionGuid = {A6639F09-26D5-49EB-9BD9-E068EBFC64A8}
	EndGlobalSection
EndGlobal
